{
  "name": "whatsapp-cloud-api-php",
  "lockfileVersion": 2,
  "requires": true,
  "packages": {
    "": {
      "devDependencies": {
        "postman-to-openapi": "^2.2.1"
      }
    },
    "node_modules/argparse": {
      "version": "2.0.1",
      "resolved": "https://registry.npmjs.org/argparse/-/argparse-2.0.1.tgz",
      "integrity": "sha512-8+9WqebbFzpX9OR+Wa6O29asIogeRMzcGtAINdpMHHyAg10f05aSFVBbcEqGf/PXw1EjAZ+q2/bEBg3DvurK3Q==",
      "dev": true
    },
    "node_modules/commander": {
      "version": "8.3.0",
      "resolved": "https://registry.npmjs.org/commander/-/commander-8.3.0.tgz",
      "integrity": "sha512-OkTL9umf+He2DZkUq8f8J9of7yL6RJKI24dVITBmNfZBmri9zYZQrKkuXiKhyfPSu8tUhnVBB1iKXevvnlR4Ww==",
      "dev": true,
      "engines": {
        "node": ">= 12"
      }
    },
    "node_modules/js-yaml": {
      "version": "4.1.0",
      "resolved": "https://registry.npmjs.org/js-yaml/-/js-yaml-4.1.0.tgz",
      "integrity": "sha512-wpxZs9NoxZaJESJGIZTyDEaYpl0FKSA+FB9aJiyemKhMwkxQg63h4T1KJgUGHpTqPDNRcmmYLugrRjJlBtWvRA==",
      "dev": true,
      "dependencies": {
        "argparse": "^2.0.1"
      },
      "bin": {
        "js-yaml": "bin/js-yaml.js"
      }
    },
    "node_modules/marked": {
      "version": "4.0.16",
      "resolved": "https://registry.npmjs.org/marked/-/marked-4.0.16.tgz",
      "integrity": "sha512-wahonIQ5Jnyatt2fn8KqF/nIqZM8mh3oRu2+l5EANGMhu6RFjiSG52QNE2eWzFMI94HqYSgN184NurgNG6CztA==",
      "dev": true,
      "bin": {
        "marked": "bin/marked.js"
      },
      "engines": {
        "node": ">= 12"
      }
    },
    "node_modules/mustache": {
      "version": "4.2.0",
      "resolved": "https://registry.npmjs.org/mustache/-/mustache-4.2.0.tgz",
      "integrity": "sha512-71ippSywq5Yb7/tVYyGbkBggbU8H3u5Rz56fH60jGFgr8uHwxs+aSKeqmluIVzM0m0kB7xQjKS6qPfd0b2ZoqQ==",
      "dev": true,
      "bin": {
        "mustache": "bin/mustache"
      }
    },
    "node_modules/postman-to-openapi": {
      "version": "2.2.1",
      "resolved": "https://registry.npmjs.org/postman-to-openapi/-/postman-to-openapi-2.2.1.tgz",
      "integrity": "sha512-nvB//p6RPpd9TS27zX7cagSLrAFu1zA5EosoXpzwcFwVSWuyTXF1jcn9eMtqn2KsiAODYF8JIIQGorMBaXwBtA==",
      "dev": true,
      "dependencies": {
        "commander": "^8.3.0",
        "js-yaml": "^4.1.0",
        "marked": "^4.0.10",
        "mustache": "^4.2.0"
      },
      "bin": {
        "p2o": "bin/cli.js"
      },
      "engines": {
        "node": ">=12 <18"
      }
    }
  },
  "dependencies": {
    "argparse": {
      "version": "2.0.1",
      "resolved": "https://registry.npmjs.org/argparse/-/argparse-2.0.1.tgz",
      "integrity": "sha512-8+9WqebbFzpX9OR+Wa6O29asIogeRMzcGtAINdpMHHyAg10f05aSFVBbcEqGf/PXw1EjAZ+q2/bEBg3DvurK3Q==",
      "dev": true
    },
    "commander": {
      "version": "8.3.0",
      "resolved": "https://registry.npmjs.org/commander/-/commander-8.3.0.tgz",
      "integrity": "sha512-OkTL9umf+He2DZkUq8f8J9of7yL6RJKI24dVITBmNfZBmri9zYZQrKkuXiKhyfPSu8tUhnVBB1iKXevvnlR4Ww==",
      "dev": true
    },
    "js-yaml": {
      "version": "4.1.0",
      "resolved": "https://registry.npmjs.org/js-yaml/-/js-yaml-4.1.0.tgz",
      "integrity": "sha512-wpxZs9NoxZaJESJGIZTyDEaYpl0FKSA+FB9aJiyemKhMwkxQg63h4T1KJgUGHpTqPDNRcmmYLugrRjJlBtWvRA==",
      "dev": true,
      "requires": {
        "argparse": "^2.0.1"
      }
    },
    "marked": {
      "version": "4.0.16",
      "resolved": "https://registry.npmjs.org/marked/-/marked-4.0.16.tgz",
      "integrity": "sha512-wahonIQ5Jnyatt2fn8KqF/nIqZM8mh3oRu2+l5EANGMhu6RFjiSG52QNE2eWzFMI94HqYSgN184NurgNG6CztA==",
      "dev": true
    },
    "mustache": {
      "version": "4.2.0",
      "resolved": "https://registry.npmjs.org/mustache/-/mustache-4.2.0.tgz",
      "integrity": "sha512-71ippSywq5Yb7/tVYyGbkBggbU8H3u5Rz56fH60jGFgr8uHwxs+aSKeqmluIVzM0m0kB7xQjKS6qPfd0b2ZoqQ==",
      "dev": true
    },
    "postman-to-openapi": {
      "version": "2.2.1",
      "resolved": "https://registry.npmjs.org/postman-to-openapi/-/postman-to-openapi-2.2.1.tgz",
      "integrity": "sha512-nvB//p6RPpd9TS27zX7cagSLrAFu1zA5EosoXpzwcFwVSWuyTXF1jcn9eMtqn2KsiAODYF8JIIQGorMBaXwBtA==",
      "dev": true,
      "requires": {
        "commander": "^8.3.0",
        "js-yaml": "^4.1.0",
        "marked": "^4.0.10",
        "mustache": "^4.2.0"
      }
    }
  }
}
